{
    "_readme": [
        "This file locks the dependencies of your project to a known state",
        "Read more about it at https://getcomposer.org/doc/01-basic-usage.md#installing-dependencies",
        "This file is @generated automatically"
    ],
    "content-hash": "3c804ba544f7e105dcfbbcc674b7c405",
    "packages": [
        {
            "name": "cecil/theme-garth",
            "version": "1.2.10",
            "source": {
                "type": "git",
                "url": "https://github.com/Cecilapp/theme-garth.git",
                "reference": "7d9c96ddd9d68eac5f8152910011c0aa464c154c"
            },
            "dist": {
                "type": "zip",
                "url": "https://api.github.com/repos/Cecilapp/theme-garth/zipball/7d9c96ddd9d68eac5f8152910011c0aa464c154c",
                "reference": "7d9c96ddd9d68eac5f8152910011c0aa464c154c",
                "shasum": ""
            },
            "require": {
                "cecil/theme-installer": "^1.4"
            },
            "type": "cecil-theme",
            "extra": {
                "name": "garth",
                "branch-alias": {
                    "dev-master": "1.x-dev"
                }
            },
            "notification-url": "https://packagist.org/downloads/",
            "license": [
                "MIT"
            ],
            "description": "Cecil Garth theme",
            "keywords": [
                "Garth",
                "cecil",
                "theme"
            ],
            "support": {
                "issues": "https://github.com/Cecilapp/theme-garth/issues",
                "source": "https://github.com/Cecilapp/theme-garth/tree/1.2.10"
            },
            "funding": [
                {
                    "url": "https://www.paypal.me/narno",
                    "type": "custom"
                },
                {
                    "url": "https://github.com/Narno",
                    "type": "github"
                }
            ],
            "time": "2021-01-02T22:03:14+00:00"
        },
        {
            "name": "cecil/theme-installer",
            "version": "1.4.2",
            "source": {
                "type": "git",
                "url": "https://github.com/Cecilapp/theme-installer.git",
                "reference": "6c7d1423f7ecb54b81a36b4432c6304d2d193e37"
            },
            "dist": {
                "type": "zip",
                "url": "https://api.github.com/repos/Cecilapp/theme-installer/zipball/6c7d1423f7ecb54b81a36b4432c6304d2d193e37",
                "reference": "6c7d1423f7ecb54b81a36b4432c6304d2d193e37",
                "shasum": ""
            },
            "require": {
                "composer-plugin-api": ">=1.0"
            },
            "require-dev": {
                "composer/composer": ">=1.0"
            },
            "type": "composer-plugin",
            "extra": {
                "class": "Cecil\\Installer\\Composer\\CecilPlugin",
                "branch-alias": {
                    "dev-master": "1.x-dev"
                }
            },
            "autoload": {
                "psr-0": {
                    "Cecil\\Installer\\Composer": "src/"
                }
            },
            "notification-url": "https://packagist.org/downloads/",
            "license": [
                "MIT"
            ],
            "authors": [
                {
                    "name": "Arnaud Ligny",
                    "email": "arnaud@ligny.org",
                    "homepage": "https://arnaudligny.fr",
                    "role": "Developer"
                }
            ],
            "description": "Installer for Cecil themes",
            "keywords": [
                "cecil",
                "installer",
                "themes"
            ],
            "support": {
                "issues": "https://github.com/Cecilapp/theme-installer/issues",
                "source": "https://github.com/Cecilapp/theme-installer/tree/1.4.2"
            },
            "funding": [
                {
                    "url": "https://www.paypal.me/narno",
                    "type": "custom"
                }
            ],
            "time": "2020-11-06T11:57:35+00:00"
        },
        {
            "name": "cecil/theme-netlify",
            "version": "1.1.5",
            "source": {
                "type": "git",
                "url": "https://github.com/Cecilapp/theme-netlify.git",
                "reference": "757e2920a06eb9261356fe8911bb6566976de25d"
            },
            "dist": {
                "type": "zip",
                "url": "https://api.github.com/repos/Cecilapp/theme-netlify/zipball/757e2920a06eb9261356fe8911bb6566976de25d",
                "reference": "757e2920a06eb9261356fe8911bb6566976de25d",
                "shasum": ""
            },
            "require": {
                "cecil/theme-installer": "^1.4"
            },
            "type": "cecil-theme",
            "extra": {
                "name": "netlify",
                "branch-alias": {
                    "dev-master": "1.x-dev"
                }
            },
            "notification-url": "https://packagist.org/downloads/",
            "license": [
                "MIT"
            ],
            "description": "Cecil component theme Netlify",
            "keywords": [
                "cecil",
                "netlify",
                "theme"
            ],
            "support": {
                "issues": "https://github.com/Cecilapp/theme-netlify/issues",
                "source": "https://github.com/Cecilapp/theme-netlify/tree/1.1.5"
            },
            "funding": [
                {
                    "url": "https://www.paypal.me/narno",
                    "type": "custom"
                },
                {
                    "url": "https://github.com/Narno",
                    "type": "github"
                }
            ],
            "time": "2021-01-02T22:21:31+00:00"
        },
        {
            "name": "cecil/theme-netlifycms",
            "version": "1.5.1",
            "source": {
                "type": "git",
                "url": "https://github.com/Cecilapp/theme-netlifycms.git",
                "reference": "b69e85e79933cf154fd74e02e68c8a235625124f"
            },
            "dist": {
                "type": "zip",
                "url": "https://api.github.com/repos/Cecilapp/theme-netlifycms/zipball/b69e85e79933cf154fd74e02e68c8a235625124f",
                "reference": "b69e85e79933cf154fd74e02e68c8a235625124f",
                "shasum": ""
            },
            "require": {
                "cecil/theme-installer": "^1.4"
            },
            "type": "cecil-theme",
            "extra": {
                "name": "netlify-cms",
                "branch-alias": {
                    "dev-master": "1.x-dev"
                }
            },
            "notification-url": "https://packagist.org/downloads/",
            "license": [
                "MIT"
            ],
            "description": "Cecil component theme Netlify CMS",
            "keywords": [
                "cecil",
                "cms",
                "netlify",
                "theme"
            ],
            "support": {
                "issues": "https://github.com/Cecilapp/theme-netlifycms/issues",
                "source": "https://github.com/Cecilapp/theme-netlifycms/tree/1.5.1"
            },
            "funding": [
                {
                    "url": "https://www.paypal.me/narno",
                    "type": "custom"
                }
            ],
            "time": "2020-11-06T12:07:21+00:00"
        },
        {
            "name": "cecil/theme-podcast",
            "version": "1.8.5",
            "source": {
                "type": "git",
                "url": "https://github.com/Cecilapp/theme-podcast.git",
                "reference": "dc258b0a0b6c557b32175781b40413e188f9f44d"
            },
            "dist": {
                "type": "zip",
                "url": "https://api.github.com/repos/Cecilapp/theme-podcast/zipball/dc258b0a0b6c557b32175781b40413e188f9f44d",
                "reference": "dc258b0a0b6c557b32175781b40413e188f9f44d",
                "shasum": ""
            },
            "require": {
                "cecil/theme-installer": "^1.4"
            },
            "type": "cecil-theme",
            "extra": {
                "name": "podcast",
                "branch-alias": {
                    "dev-master": "1.x-dev"
                }
            },
            "notification-url": "https://packagist.org/downloads/",
            "license": [
                "MIT"
            ],
            "description": "Cecil component theme: Podcast",
            "keywords": [
                "cecil",
                "podcast",
                "theme"
            ],
            "support": {
                "issues": "https://github.com/Cecilapp/theme-podcast/issues",
                "source": "https://github.com/Cecilapp/theme-podcast/tree/1.8.5"
            },
            "funding": [
                {
                    "url": "https://www.paypal.me/narno",
                    "type": "custom"
                }
            ],
            "time": "2020-11-21T00:54:30+00:00"
        },
        {
            "name": "cecil/theme-serviceworker",
            "version": "1.9.3",
            "source": {
                "type": "git",
                "url": "https://github.com/Cecilapp/theme-serviceworker.git",
                "reference": "8169abc6a8e1e82d7fc39d0c364f0dd00e281298"
            },
            "dist": {
                "type": "zip",
                "url": "https://api.github.com/repos/Cecilapp/theme-serviceworker/zipball/8169abc6a8e1e82d7fc39d0c364f0dd00e281298",
                "reference": "8169abc6a8e1e82d7fc39d0c364f0dd00e281298",
                "shasum": ""
            },
            "require": {
                "cecil/theme-installer": "^1.4"
            },
            "type": "cecil-theme",
            "extra": {
                "name": "serviceworker",
                "branch-alias": {
                    "dev-master": "1.x-dev"
                }
            },
            "notification-url": "https://packagist.org/downloads/",
            "license": [
                "MIT"
            ],
            "description": "Cecil component theme service worker",
            "keywords": [
                "cecil",
                "service worker",
                "theme"
            ],
            "support": {
                "issues": "https://github.com/Cecilapp/theme-serviceworker/issues",
                "source": "https://github.com/Cecilapp/theme-serviceworker/tree/1.9.3"
            },
            "funding": [
                {
                    "url": "https://www.paypal.me/narno",
                    "type": "custom"
                }
            ],
            "time": "2020-11-09T21:34:01+00:00"
        }
    ],
    "packages-dev": [],
    "aliases": [],
    "minimum-stability": "stable",
    "stability-flags": [],
    "prefer-stable": false,
    "prefer-lowest": false,
    "platform": [],
    "platform-dev": [],
    "plugin-api-version": "2.0.0"
}
