{
    "_readme": [
        "This file locks the dependencies of your project to a known state",
        "Read more about it at https://getcomposer.org/doc/01-basic-usage.md#installing-dependencies",
        "This file is @generated automatically"
    ],
    "content-hash": "d0ec8dfa6ce457adc736018ebf68d13c",
    "packages": [
        {
            "name": "cecil/theme-garth",
            "version": "1.2.4",
            "source": {
                "type": "git",
                "url": "https://github.com/Cecilapp/theme-garth.git",
                "reference": "0b143bc9c5acd70bf64d8fb21072b3d4795dadf7"
            },
            "dist": {
                "type": "zip",
                "url": "https://api.github.com/repos/Cecilapp/theme-garth/zipball/0b143bc9c5acd70bf64d8fb21072b3d4795dadf7",
                "reference": "0b143bc9c5acd70bf64d8fb21072b3d4795dadf7",
                "shasum": ""
            },
            "require": {
                "cecil/theme-installer": "^1.3"
            },
            "type": "cecil-theme",
            "extra": {
                "name": "garth",
                "branch-alias": {
                    "dev-master": "1.x-dev"
                }
            },
            "notification-url": "https://packagist.org/downloads/",
            "license": [
                "MIT"
            ],
            "description": "Cecil Garth theme",
            "keywords": [
                "Garth",
                "cecil",
                "theme"
            ],
            "funding": [
                {
                    "url": "https://www.paypal.me/narno",
                    "type": "custom"
                }
            ],
            "time": "2020-11-02T22:56:27+00:00"
        },
        {
            "name": "cecil/theme-installer",
            "version": "1.3.1",
            "source": {
                "type": "git",
                "url": "https://github.com/Cecilapp/theme-installer.git",
                "reference": "53f9557922f30cba89a91fcab18700394eb52de3"
            },
            "dist": {
                "type": "zip",
                "url": "https://api.github.com/repos/Cecilapp/theme-installer/zipball/53f9557922f30cba89a91fcab18700394eb52de3",
                "reference": "53f9557922f30cba89a91fcab18700394eb52de3",
                "shasum": ""
            },
            "require": {
                "composer-plugin-api": "^1.0"
            },
            "type": "composer-plugin",
            "extra": {
                "class": "Cecil\\Installer\\Composer\\CecilPlugin",
                "branch-alias": {
                    "dev-master": "1.x-dev"
                }
            },
            "autoload": {
                "psr-0": {
                    "Cecil\\Installer\\Composer": "src/"
                }
            },
            "notification-url": "https://packagist.org/downloads/",
            "license": [
                "MIT"
            ],
            "authors": [
                {
                    "name": "Arnaud Ligny",
                    "email": "arnaud@ligny.org",
                    "homepage": "https://arnaudligny.fr",
                    "role": "Developer"
                }
            ],
            "description": "Installer for Cecil themes",
            "keywords": [
                "cecil",
                "installer",
                "themes"
            ],
            "time": "2018-11-21T14:35:40+00:00"
        },
        {
            "name": "cecil/theme-netlify",
            "version": "1.1.2",
            "source": {
                "type": "git",
                "url": "https://github.com/Cecilapp/theme-netlify.git",
                "reference": "dcdfd2ecdcd5ed9f6c7d7bcd5f82d5a8aacfca58"
            },
            "dist": {
                "type": "zip",
                "url": "https://api.github.com/repos/Cecilapp/theme-netlify/zipball/dcdfd2ecdcd5ed9f6c7d7bcd5f82d5a8aacfca58",
                "reference": "dcdfd2ecdcd5ed9f6c7d7bcd5f82d5a8aacfca58",
                "shasum": ""
            },
            "require": {
                "cecil/theme-installer": "^1.3"
            },
            "type": "cecil-theme",
            "extra": {
                "name": "netlify",
                "branch-alias": {
                    "dev-master": "1.x-dev"
                }
            },
            "notification-url": "https://packagist.org/downloads/",
            "license": [
                "MIT"
            ],
            "description": "Cecil component theme Netlify",
            "keywords": [
                "cecil",
                "netlify",
                "theme"
            ],
            "funding": [
                {
                    "url": "https://www.paypal.me/narno",
                    "type": "custom"
                }
            ],
            "time": "2020-10-25T00:23:45+00:00"
        },
        {
            "name": "cecil/theme-netlifycms",
            "version": "1.4.0",
            "source": {
                "type": "git",
                "url": "https://github.com/Cecilapp/theme-netlifycms.git",
                "reference": "540bed7be1ae934c9f44753624928e2364f3a553"
            },
            "dist": {
                "type": "zip",
                "url": "https://api.github.com/repos/Cecilapp/theme-netlifycms/zipball/540bed7be1ae934c9f44753624928e2364f3a553",
                "reference": "540bed7be1ae934c9f44753624928e2364f3a553",
                "shasum": ""
            },
            "require": {
                "cecil/theme-installer": "^1.3"
            },
            "type": "cecil-theme",
            "extra": {
                "name": "netlify-cms",
                "branch-alias": {
                    "dev-master": "1.x-dev"
                }
            },
            "notification-url": "https://packagist.org/downloads/",
            "license": [
                "MIT"
            ],
            "description": "Cecil component theme Netlify CMS",
            "keywords": [
                "cecil",
                "cms",
                "netlify",
                "theme"
            ],
            "funding": [
                {
                    "url": "https://www.paypal.me/narno",
                    "type": "custom"
                }
            ],
            "time": "2020-11-02T22:11:29+00:00"
        },
        {
            "name": "cecil/theme-podcast",
            "version": "1.8.1",
            "source": {
                "type": "git",
                "url": "https://github.com/Cecilapp/theme-podcast.git",
                "reference": "1057e073a280ef532ea69993b5e55cc56ef71d31"
            },
            "dist": {
                "type": "zip",
                "url": "https://api.github.com/repos/Cecilapp/theme-podcast/zipball/1057e073a280ef532ea69993b5e55cc56ef71d31",
                "reference": "1057e073a280ef532ea69993b5e55cc56ef71d31",
                "shasum": ""
            },
            "require": {
                "cecil/theme-installer": "^1.3"
            },
            "type": "cecil-theme",
            "extra": {
                "name": "podcast",
                "branch-alias": {
                    "dev-master": "1.x-dev"
                }
            },
            "notification-url": "https://packagist.org/downloads/",
            "license": [
                "MIT"
            ],
            "description": "Cecil component theme: Podcast",
            "keywords": [
                "cecil",
                "podcast",
                "theme"
            ],
            "funding": [
                {
                    "url": "https://www.paypal.me/narno",
                    "type": "custom"
                }
            ],
            "time": "2020-10-25T21:23:49+00:00"
        },
        {
            "name": "cecil/theme-serviceworker",
            "version": "1.8.1",
            "source": {
                "type": "git",
                "url": "https://github.com/Cecilapp/theme-serviceworker.git",
                "reference": "6e0cc969833cbba105bf2428ef3893c3816c032f"
            },
            "dist": {
                "type": "zip",
                "url": "https://api.github.com/repos/Cecilapp/theme-serviceworker/zipball/6e0cc969833cbba105bf2428ef3893c3816c032f",
                "reference": "6e0cc969833cbba105bf2428ef3893c3816c032f",
                "shasum": ""
            },
            "require": {
                "cecil/theme-installer": "^1.3"
            },
            "type": "cecil-theme",
            "extra": {
                "name": "serviceworker",
                "branch-alias": {
                    "dev-master": "1.x-dev"
                }
            },
            "notification-url": "https://packagist.org/downloads/",
            "license": [
                "MIT"
            ],
            "description": "Cecil component theme service worker",
            "keywords": [
                "cecil",
                "service worker",
                "theme"
            ],
            "funding": [
                {
                    "url": "https://www.paypal.me/narno",
                    "type": "custom"
                }
            ],
            "time": "2020-10-17T00:37:27+00:00"
        }
    ],
    "packages-dev": [],
    "aliases": [],
    "minimum-stability": "stable",
    "stability-flags": [],
    "prefer-stable": false,
    "prefer-lowest": false,
    "platform": [],
    "platform-dev": [],
    "plugin-api-version": "1.1.0"
}
